
Microsoft Visual Studio Solution File, Format Version 12.00
# Visual Studio Version 16
VisualStudioVersion = 16.0.30804.86
MinimumVisualStudioVersion = 10.0.40219.1
Project("{9A19103F-16F7-4668-BE54-9A1E7A4F7556}") = "DIO_Armazen", "DIO_Armazen.csproj", "{1AD337A0-826B-4C6D-95E9-6CEE3D58E004}"
EndProject
Project("{FAE04EC0-301F-11D3-BF4B-00C04F79EFBC}") = "Armazen_API", "..\Armazen_API\Armazen_API.csproj", "{BCC46D92-69AE-48A1-800F-9D344E2876D9}"
EndProject
Global
	GlobalSection(SolutionConfigurationPlatforms) = preSolution
		Debug|Any CPU = Debug|Any CPU
		Release|Any CPU = Release|Any CPU
	EndGlobalSection
	GlobalSection(ProjectConfigurationPlatforms) = postSolution
		{1AD337A0-826B-4C6D-95E9-6CEE3D58E004}.Debug|Any CPU.ActiveCfg = Debug|Any CPU
		{1AD337A0-826B-4C6D-95E9-6CEE3D58E004}.Debug|Any CPU.Build.0 = Debug|Any CPU
		{1AD337A0-826B-4C6D-95E9-6CEE3D58E004}.Release|Any CPU.ActiveCfg = Release|Any CPU
		{1AD337A0-826B-4C6D-95E9-6CEE3D58E004}.Release|Any CPU.Build.0 = Release|Any CPU
		{BCC46D92-69AE-48A1-800F-9D344E2876D9}.Debug|Any CPU.ActiveCfg = Debug|Any CPU
		{BCC46D92-69AE-48A1-800F-9D344E2876D9}.Debug|Any CPU.Build.0 = Debug|Any CPU
		{BCC46D92-69AE-48A1-800F-9D344E2876D9}.Release|Any CPU.ActiveCfg = Release|Any CPU
		{BCC46D92-69AE-48A1-800F-9D344E2876D9}.Release|Any CPU.Build.0 = Release|Any CPU
	EndGlobalSection
	GlobalSection(SolutionProperties) = preSolution
		HideSolutionNode = FALSE
	EndGlobalSection
	GlobalSection(ExtensibilityGlobals) = postSolution
		SolutionGuid = {D1823D6F-9535-4E0D-928D-502E2001CAFB}
	EndGlobalSection
EndGlobal
